
Microsoft Visual Studio Solution File, Format Version 12.00
# Visual Studio Version 17
VisualStudioVersion = 17.1.32328.378
MinimumVisualStudioVersion = 10.0.40219.1
Project("{FAE04EC0-301F-11D3-BF4B-00C04F79EFBC}") = "lab8", "lab8\lab8.csproj", "{783EF4FD-A7E1-4635-818E-304CEEF6DDFD}"
EndProject
Global
	GlobalSection(SolutionConfigurationPlatforms) = preSolution
		Debug|Any CPU = Debug|Any CPU
		Release|Any CPU = Release|Any CPU
	EndGlobalSection
	GlobalSection(ProjectConfigurationPlatforms) = postSolution
		{783EF4FD-A7E1-4635-818E-304CEEF6DDFD}.Debug|Any CPU.ActiveCfg = Debug|Any CPU
		{783EF4FD-A7E1-4635-818E-304CEEF6DDFD}.Debug|Any CPU.Build.0 = Debug|Any CPU
		{783EF4FD-A7E1-4635-818E-304CEEF6DDFD}.Release|Any CPU.ActiveCfg = Release|Any CPU
		{783EF4FD-A7E1-4635-818E-304CEEF6DDFD}.Release|Any CPU.Build.0 = Release|Any CPU
	EndGlobalSection
	GlobalSection(SolutionProperties) = preSolution
		HideSolutionNode = FALSE
	EndGlobalSection
	GlobalSection(ExtensibilityGlobals) = postSolution
		SolutionGuid = {3D2E9924-1833-4416-A82D-66416E23D980}
	EndGlobalSection
EndGlobal
